<?xml version="1.0" encoding="utf-8"?>
<Project ToolsVersion="4.0" xmlns="http://schemas.microsoft.com/developer/msbuild/2003">
  <ItemGroup>
    <ClInclude Include="Main.h" />
    <ClInclude Include="stdafx.h" />
    <ClInclude Include="ST_Player.h">
      <Filter>GameObject</Filter>
    </ClInclude>
    <ClInclude Include="Boss.h">
      <Filter>GameObject</Filter>
    </ClInclude>
    <ClInclude Include="ST_Bullet.h">
      <Filter>GameObject</Filter>
    </ClInclude>
  </ItemGroup>
  <ItemGroup>
    <ClCompile Include="Main.cpp" />
    <ClCompile Include="ST_Player.cpp">
      <Filter>GameObject</Filter>
    </ClCompile>
    <ClCompile Include="Boss.cpp">
      <Filter>GameObject</Filter>
    </ClCompile>
    <ClCompile Include="ST_Bullet.cpp">
      <Filter>GameObject</Filter>
    </ClCompile>
  </ItemGroup>
  <ItemGroup>
    <Filter Include="GameObject">
      <UniqueIdentifier>{fe88bdaa-bb14-42e7-b645-7416e618395c}</UniqueIdentifier>
    </Filter>
  </ItemGroup>
</Project>